
Microsoft Visual Studio Solution File, Format Version 12.00
# Visual Studio Version 17
VisualStudioVersion = 17.3.32929.385
MinimumVisualStudioVersion = 10.0.40219.1
Project("{FAE04EC0-301F-11D3-BF4B-00C04F79EFBC}") = "DataStructureAndAlgorithm", "DataStructureAndAlgorithm\DataStructureAndAlgorithm.csproj", "{BDE0F04D-7DC9-462F-9ED5-6B8B72AD53AC}"
EndProject
Global
	GlobalSection(SolutionConfigurationPlatforms) = preSolution
		Debug|Any CPU = Debug|Any CPU
		Release|Any CPU = Release|Any CPU
	EndGlobalSection
	GlobalSection(ProjectConfigurationPlatforms) = postSolution
		{BDE0F04D-7DC9-462F-9ED5-6B8B72AD53AC}.Debug|Any CPU.ActiveCfg = Debug|Any CPU
		{BDE0F04D-7DC9-462F-9ED5-6B8B72AD53AC}.Debug|Any CPU.Build.0 = Debug|Any CPU
		{BDE0F04D-7DC9-462F-9ED5-6B8B72AD53AC}.Release|Any CPU.ActiveCfg = Release|Any CPU
		{BDE0F04D-7DC9-462F-9ED5-6B8B72AD53AC}.Release|Any CPU.Build.0 = Release|Any CPU
	EndGlobalSection
	GlobalSection(SolutionProperties) = preSolution
		HideSolutionNode = FALSE
	EndGlobalSection
	GlobalSection(ExtensibilityGlobals) = postSolution
		SolutionGuid = {DB90C976-193D-4375-81C2-E52A3E60ABF9}
	EndGlobalSection
EndGlobal
